
Microsoft Visual Studio Solution File, Format Version 12.00
# Visual Studio 2012
Project("{D954291E-2A0B-460D-934E-DC6B0785DB48}") = "JavaKucheSample", "JavaKucheSample\JavaKucheSample.shproj", "{0D73104B-C6AA-473F-BC92-A3803B4F84A6}"
EndProject
Project("{FAE04EC0-301F-11D3-BF4B-00C04F79EFBC}") = "JavaKucheSample.iOS", "iOS\JavaKucheSample.iOS.csproj", "{A40D2D11-9CB5-4121-9B8D-DECAB60C26C6}"
EndProject
Project("{FAE04EC0-301F-11D3-BF4B-00C04F79EFBC}") = "JavaKucheSample.Droid", "Droid\JavaKucheSample.Droid.csproj", "{1CBE6019-4061-4323-A19E-8EA5BE334D69}"
EndProject
Global
	GlobalSection(SolutionConfigurationPlatforms) = preSolution
		Debug|iPhoneSimulator = Debug|iPhoneSimulator
		Release|iPhone = Release|iPhone
		Release|iPhoneSimulator = Release|iPhoneSimulator
		Debug|iPhone = Debug|iPhone
		Debug|Any CPU = Debug|Any CPU
		Release|Any CPU = Release|Any CPU
	EndGlobalSection
	GlobalSection(ProjectConfigurationPlatforms) = postSolution
		{A40D2D11-9CB5-4121-9B8D-DECAB60C26C6}.Debug|iPhoneSimulator.ActiveCfg = Debug|iPhoneSimulator
		{A40D2D11-9CB5-4121-9B8D-DECAB60C26C6}.Debug|iPhoneSimulator.Build.0 = Debug|iPhoneSimulator
		{A40D2D11-9CB5-4121-9B8D-DECAB60C26C6}.Release|iPhone.ActiveCfg = Release|iPhone
		{A40D2D11-9CB5-4121-9B8D-DECAB60C26C6}.Release|iPhone.Build.0 = Release|iPhone
		{A40D2D11-9CB5-4121-9B8D-DECAB60C26C6}.Release|iPhoneSimulator.ActiveCfg = Release|iPhoneSimulator
		{A40D2D11-9CB5-4121-9B8D-DECAB60C26C6}.Release|iPhoneSimulator.Build.0 = Release|iPhoneSimulator
		{A40D2D11-9CB5-4121-9B8D-DECAB60C26C6}.Debug|iPhone.ActiveCfg = Debug|iPhone
		{A40D2D11-9CB5-4121-9B8D-DECAB60C26C6}.Debug|iPhone.Build.0 = Debug|iPhone
		{A40D2D11-9CB5-4121-9B8D-DECAB60C26C6}.Debug|Any CPU.ActiveCfg = Debug|iPhoneSimulator
		{A40D2D11-9CB5-4121-9B8D-DECAB60C26C6}.Debug|Any CPU.Build.0 = Debug|iPhoneSimulator
		{A40D2D11-9CB5-4121-9B8D-DECAB60C26C6}.Release|Any CPU.ActiveCfg = Release|iPhone
		{A40D2D11-9CB5-4121-9B8D-DECAB60C26C6}.Release|Any CPU.Build.0 = Release|iPhone
		{1CBE6019-4061-4323-A19E-8EA5BE334D69}.Debug|iPhoneSimulator.ActiveCfg = Debug|Any CPU
		{1CBE6019-4061-4323-A19E-8EA5BE334D69}.Debug|iPhoneSimulator.Build.0 = Debug|Any CPU
		{1CBE6019-4061-4323-A19E-8EA5BE334D69}.Release|iPhone.ActiveCfg = Release|Any CPU
		{1CBE6019-4061-4323-A19E-8EA5BE334D69}.Release|iPhone.Build.0 = Release|Any CPU
		{1CBE6019-4061-4323-A19E-8EA5BE334D69}.Release|iPhoneSimulator.ActiveCfg = Release|Any CPU
		{1CBE6019-4061-4323-A19E-8EA5BE334D69}.Release|iPhoneSimulator.Build.0 = Release|Any CPU
		{1CBE6019-4061-4323-A19E-8EA5BE334D69}.Debug|iPhone.ActiveCfg = Debug|Any CPU
		{1CBE6019-4061-4323-A19E-8EA5BE334D69}.Debug|iPhone.Build.0 = Debug|Any CPU
		{1CBE6019-4061-4323-A19E-8EA5BE334D69}.Debug|Any CPU.ActiveCfg = Debug|Any CPU
		{1CBE6019-4061-4323-A19E-8EA5BE334D69}.Debug|Any CPU.Build.0 = Debug|Any CPU
		{1CBE6019-4061-4323-A19E-8EA5BE334D69}.Release|Any CPU.ActiveCfg = Release|Any CPU
		{1CBE6019-4061-4323-A19E-8EA5BE334D69}.Release|Any CPU.Build.0 = Release|Any CPU
	EndGlobalSection
EndGlobal
